
Microsoft Visual Studio Solution File, Format Version 12.00
# Visual Studio Version 17
VisualStudioVersion = 17.6.33723.286
MinimumVisualStudioVersion = 10.0.40219.1
Project("{FAE04EC0-301F-11D3-BF4B-00C04F79EFBC}") = "CappuAng.Web", "CappuAng.Web\CappuAng.Web.csproj", "{6DB6B43A-5CE4-4F20-9257-E9FEEF82A6D5}"
EndProject
Global
	GlobalSection(SolutionConfigurationPlatforms) = preSolution
		Debug|Any CPU = Debug|Any CPU
		Release|Any CPU = Release|Any CPU
	EndGlobalSection
	GlobalSection(ProjectConfigurationPlatforms) = postSolution
		{6DB6B43A-5CE4-4F20-9257-E9FEEF82A6D5}.Debug|Any CPU.ActiveCfg = Debug|Any CPU
		{6DB6B43A-5CE4-4F20-9257-E9FEEF82A6D5}.Debug|Any CPU.Build.0 = Debug|Any CPU
		{6DB6B43A-5CE4-4F20-9257-E9FEEF82A6D5}.Release|Any CPU.ActiveCfg = Release|Any CPU
		{6DB6B43A-5CE4-4F20-9257-E9FEEF82A6D5}.Release|Any CPU.Build.0 = Release|Any CPU
	EndGlobalSection
	GlobalSection(SolutionProperties) = preSolution
		HideSolutionNode = FALSE
	EndGlobalSection
	GlobalSection(ExtensibilityGlobals) = postSolution
		SolutionGuid = {4BF2B8E2-106C-4E12-87A1-B186CDA3573A}
	EndGlobalSection
EndGlobal
